
Microsoft Visual Studio Solution File, Format Version 12.00
# Visual Studio Version 16
VisualStudioVersion = 16.0.31702.278
MinimumVisualStudioVersion = 10.0.40219.1
Project("{9A19103F-16F7-4668-BE54-9A1E7A4F7556}") = "Calculator", "Calculator\Calculator.csproj", "{B589A154-0841-4A10-9A99-9313CC0F92E7}"
EndProject
Project("{FAE04EC0-301F-11D3-BF4B-00C04F79EFBC}") = "Calculator.Tests", "Calculator.Tests\Calculator.Tests.csproj", "{5D26CA00-E1D2-40F8-B918-D1599E73312E}"
EndProject
Global
	GlobalSection(SolutionConfigurationPlatforms) = preSolution
		Debug|Any CPU = Debug|Any CPU
		Release|Any CPU = Release|Any CPU
	EndGlobalSection
	GlobalSection(ProjectConfigurationPlatforms) = postSolution
		{B589A154-0841-4A10-9A99-9313CC0F92E7}.Debug|Any CPU.ActiveCfg = Debug|Any CPU
		{B589A154-0841-4A10-9A99-9313CC0F92E7}.Debug|Any CPU.Build.0 = Debug|Any CPU
		{B589A154-0841-4A10-9A99-9313CC0F92E7}.Release|Any CPU.ActiveCfg = Release|Any CPU
		{B589A154-0841-4A10-9A99-9313CC0F92E7}.Release|Any CPU.Build.0 = Release|Any CPU
		{5D26CA00-E1D2-40F8-B918-D1599E73312E}.Debug|Any CPU.ActiveCfg = Debug|Any CPU
		{5D26CA00-E1D2-40F8-B918-D1599E73312E}.Debug|Any CPU.Build.0 = Debug|Any CPU
		{5D26CA00-E1D2-40F8-B918-D1599E73312E}.Release|Any CPU.ActiveCfg = Release|Any CPU
		{5D26CA00-E1D2-40F8-B918-D1599E73312E}.Release|Any CPU.Build.0 = Release|Any CPU
	EndGlobalSection
	GlobalSection(SolutionProperties) = preSolution
		HideSolutionNode = FALSE
	EndGlobalSection
	GlobalSection(ExtensibilityGlobals) = postSolution
		SolutionGuid = {6D38B8FD-D650-498D-80D6-8B5E4ADCDADD}
	EndGlobalSection
EndGlobal
